
Microsoft Visual Studio Solution File, Format Version 12.00
Project("{FAE04EC0-301F-11D3-BF4B-00C04F79EFBC}") = "ZambeziDigital.AspNetCore.Authorization", "ZambeziDigital.AspNetCore.Authorization\ZambeziDigital.AspNetCore.Authorization.csproj", "{3AE2179F-CE57-43A5-B239-90870CB9B862}"
EndProject
Project("{FAE04EC0-301F-11D3-BF4B-00C04F79EFBC}") = "ZambeziDigital.AspNetCore.Abstractions", "ZambeziDigital.AspNetCore.Abstractions\ZambeziDigital.AspNetCore.Abstractions.csproj", "{E5620F59-693A-484A-B34A-6080772CBA0F}"
EndProject
Project("{FAE04EC0-301F-11D3-BF4B-00C04F79EFBC}") = "ZambeziDigital.Base", "ZambeziDigital.Base\ZambeziDigital.Base.csproj", "{03B29381-8B34-4B3E-A458-65FE6351E559}"
EndProject
Project("{FAE04EC0-301F-11D3-BF4B-00C04F79EFBC}") = "ZambeziDigital.Functions", "ZambeziDigital.Functions\ZambeziDigital.Functions.csproj", "{D2A3FD04-B773-49CF-AECF-D0FA6967BA40}"
EndProject
Project("{FAE04EC0-301F-11D3-BF4B-00C04F79EFBC}") = "ZambeziDigital.AspNetCore.Implementations", "ZambeziDigital.AspNetCore.Implementations\ZambeziDigital.AspNetCore.Implementations.csproj", "{E01C01E3-0DEF-4C5F-84E1-DF8EC90F989E}"
EndProject
Project("{FAE04EC0-301F-11D3-BF4B-00C04F79EFBC}") = "ZambeziDigital.Blazor.Implementations", "ZambeziDigital.Blazor.Implementations\ZambeziDigital.Blazor.Implementations.csproj", "{38D45D2F-C60C-40E9-A069-BD844A8F4EE3}"
EndProject
Project("{FAE04EC0-301F-11D3-BF4B-00C04F79EFBC}") = "ZambeziDigital.AspNetCore.Implementations.Generics", "ZambeziDigital.AspNetCore.Implementations.Generics\ZambeziDigital.AspNetCore.Implementations.Generics.csproj", "{718D32DF-890C-4F67-B98E-E62525A8A461}"
EndProject
Project("{FAE04EC0-301F-11D3-BF4B-00C04F79EFBC}") = "ZambeziDigital.Base.Implementation", "ZambeziDigital.Base.Implementation\ZambeziDigital.Base.Implementation.csproj", "{27A648BD-D6F8-4992-872E-EC9B0C4C655A}"
EndProject
Project("{FAE04EC0-301F-11D3-BF4B-00C04F79EFBC}") = "ZambeziDigital.Blazor.Implementations.Generics", "ZambeziDigital.Blazor.Implementations.Generics\ZambeziDigital.Blazor.Implementations.Generics.csproj", "{88F3A8A6-236D-4B8A-AF2D-986348F982F0}"
EndProject
Project("{FAE04EC0-301F-11D3-BF4B-00C04F79EFBC}") = "ZambeziDigital.Blazor.Authentication", "ZambeziDigital.Blazor.Authentication\ZambeziDigital.Blazor.Authentication.csproj", "{258DC819-418B-464C-8527-6454ED10C792}"
EndProject
Project("{FAE04EC0-301F-11D3-BF4B-00C04F79EFBC}") = "ZambeziDigital.Base.Accounting", "ZambeziDigital.Base.Accounting\ZambeziDigital.Base.Accounting.csproj", "{F5853769-9F79-4426-B07A-0858251BA071}"
EndProject
Project("{FAE04EC0-301F-11D3-BF4B-00C04F79EFBC}") = "ZambeziDigital.Management.Server", "ZambeziDigital.Management.Server\ZambeziDigital.Management.Server.csproj", "{EA6C14FD-294B-41E1-8E36-B18968592B6C}"
EndProject
Global
	GlobalSection(SolutionConfigurationPlatforms) = preSolution
		Debug|Any CPU = Debug|Any CPU
		Release|Any CPU = Release|Any CPU
	EndGlobalSection
	GlobalSection(ProjectConfigurationPlatforms) = postSolution
		{3AE2179F-CE57-43A5-B239-90870CB9B862}.Debug|Any CPU.ActiveCfg = Debug|Any CPU
		{3AE2179F-CE57-43A5-B239-90870CB9B862}.Debug|Any CPU.Build.0 = Debug|Any CPU
		{3AE2179F-CE57-43A5-B239-90870CB9B862}.Release|Any CPU.ActiveCfg = Release|Any CPU
		{3AE2179F-CE57-43A5-B239-90870CB9B862}.Release|Any CPU.Build.0 = Release|Any CPU
		{E5620F59-693A-484A-B34A-6080772CBA0F}.Debug|Any CPU.ActiveCfg = Debug|Any CPU
		{E5620F59-693A-484A-B34A-6080772CBA0F}.Debug|Any CPU.Build.0 = Debug|Any CPU
		{E5620F59-693A-484A-B34A-6080772CBA0F}.Release|Any CPU.ActiveCfg = Release|Any CPU
		{E5620F59-693A-484A-B34A-6080772CBA0F}.Release|Any CPU.Build.0 = Release|Any CPU
		{03B29381-8B34-4B3E-A458-65FE6351E559}.Debug|Any CPU.ActiveCfg = Debug|Any CPU
		{03B29381-8B34-4B3E-A458-65FE6351E559}.Debug|Any CPU.Build.0 = Debug|Any CPU
		{03B29381-8B34-4B3E-A458-65FE6351E559}.Release|Any CPU.ActiveCfg = Release|Any CPU
		{03B29381-8B34-4B3E-A458-65FE6351E559}.Release|Any CPU.Build.0 = Release|Any CPU
		{D2A3FD04-B773-49CF-AECF-D0FA6967BA40}.Debug|Any CPU.ActiveCfg = Debug|Any CPU
		{D2A3FD04-B773-49CF-AECF-D0FA6967BA40}.Debug|Any CPU.Build.0 = Debug|Any CPU
		{D2A3FD04-B773-49CF-AECF-D0FA6967BA40}.Release|Any CPU.ActiveCfg = Release|Any CPU
		{D2A3FD04-B773-49CF-AECF-D0FA6967BA40}.Release|Any CPU.Build.0 = Release|Any CPU
		{E01C01E3-0DEF-4C5F-84E1-DF8EC90F989E}.Debug|Any CPU.ActiveCfg = Debug|Any CPU
		{E01C01E3-0DEF-4C5F-84E1-DF8EC90F989E}.Debug|Any CPU.Build.0 = Debug|Any CPU
		{E01C01E3-0DEF-4C5F-84E1-DF8EC90F989E}.Release|Any CPU.ActiveCfg = Release|Any CPU
		{E01C01E3-0DEF-4C5F-84E1-DF8EC90F989E}.Release|Any CPU.Build.0 = Release|Any CPU
		{38D45D2F-C60C-40E9-A069-BD844A8F4EE3}.Debug|Any CPU.ActiveCfg = Debug|Any CPU
		{38D45D2F-C60C-40E9-A069-BD844A8F4EE3}.Debug|Any CPU.Build.0 = Debug|Any CPU
		{38D45D2F-C60C-40E9-A069-BD844A8F4EE3}.Release|Any CPU.ActiveCfg = Release|Any CPU
		{38D45D2F-C60C-40E9-A069-BD844A8F4EE3}.Release|Any CPU.Build.0 = Release|Any CPU
		{718D32DF-890C-4F67-B98E-E62525A8A461}.Debug|Any CPU.ActiveCfg = Debug|Any CPU
		{718D32DF-890C-4F67-B98E-E62525A8A461}.Debug|Any CPU.Build.0 = Debug|Any CPU
		{718D32DF-890C-4F67-B98E-E62525A8A461}.Release|Any CPU.ActiveCfg = Release|Any CPU
		{718D32DF-890C-4F67-B98E-E62525A8A461}.Release|Any CPU.Build.0 = Release|Any CPU
		{27A648BD-D6F8-4992-872E-EC9B0C4C655A}.Debug|Any CPU.ActiveCfg = Debug|Any CPU
		{27A648BD-D6F8-4992-872E-EC9B0C4C655A}.Debug|Any CPU.Build.0 = Debug|Any CPU
		{27A648BD-D6F8-4992-872E-EC9B0C4C655A}.Release|Any CPU.ActiveCfg = Release|Any CPU
		{27A648BD-D6F8-4992-872E-EC9B0C4C655A}.Release|Any CPU.Build.0 = Release|Any CPU
		{88F3A8A6-236D-4B8A-AF2D-986348F982F0}.Debug|Any CPU.ActiveCfg = Debug|Any CPU
		{88F3A8A6-236D-4B8A-AF2D-986348F982F0}.Debug|Any CPU.Build.0 = Debug|Any CPU
		{88F3A8A6-236D-4B8A-AF2D-986348F982F0}.Release|Any CPU.ActiveCfg = Release|Any CPU
		{88F3A8A6-236D-4B8A-AF2D-986348F982F0}.Release|Any CPU.Build.0 = Release|Any CPU
		{258DC819-418B-464C-8527-6454ED10C792}.Debug|Any CPU.ActiveCfg = Debug|Any CPU
		{258DC819-418B-464C-8527-6454ED10C792}.Debug|Any CPU.Build.0 = Debug|Any CPU
		{258DC819-418B-464C-8527-6454ED10C792}.Release|Any CPU.ActiveCfg = Release|Any CPU
		{258DC819-418B-464C-8527-6454ED10C792}.Release|Any CPU.Build.0 = Release|Any CPU
		{F5853769-9F79-4426-B07A-0858251BA071}.Debug|Any CPU.ActiveCfg = Debug|Any CPU
		{F5853769-9F79-4426-B07A-0858251BA071}.Debug|Any CPU.Build.0 = Debug|Any CPU
		{F5853769-9F79-4426-B07A-0858251BA071}.Release|Any CPU.ActiveCfg = Release|Any CPU
		{F5853769-9F79-4426-B07A-0858251BA071}.Release|Any CPU.Build.0 = Release|Any CPU
		{EA6C14FD-294B-41E1-8E36-B18968592B6C}.Debug|Any CPU.ActiveCfg = Debug|Any CPU
		{EA6C14FD-294B-41E1-8E36-B18968592B6C}.Debug|Any CPU.Build.0 = Debug|Any CPU
		{EA6C14FD-294B-41E1-8E36-B18968592B6C}.Release|Any CPU.ActiveCfg = Release|Any CPU
		{EA6C14FD-294B-41E1-8E36-B18968592B6C}.Release|Any CPU.Build.0 = Release|Any CPU
	EndGlobalSection
EndGlobal
