
Microsoft Visual Studio Solution File, Format Version 12.00
# Visual Studio Version 17
VisualStudioVersion = 17.5.002.0
MinimumVisualStudioVersion = 10.0.40219.1
Project("{9A19103F-16F7-4668-BE54-9A1E7A4F7556}") = "ZambeziDigital.Blazor.Implementations", "ZambeziDigital.Blazor.Implementations.csproj", "{FC38460D-3881-4D30-B117-C7C32D55ADA6}"
EndProject
Global
	GlobalSection(SolutionConfigurationPlatforms) = preSolution
		Debug|Any CPU = Debug|Any CPU
		Release|Any CPU = Release|Any CPU
	EndGlobalSection
	GlobalSection(ProjectConfigurationPlatforms) = postSolution
		{FC38460D-3881-4D30-B117-C7C32D55ADA6}.Debug|Any CPU.ActiveCfg = Debug|Any CPU
		{FC38460D-3881-4D30-B117-C7C32D55ADA6}.Debug|Any CPU.Build.0 = Debug|Any CPU
		{FC38460D-3881-4D30-B117-C7C32D55ADA6}.Release|Any CPU.ActiveCfg = Release|Any CPU
		{FC38460D-3881-4D30-B117-C7C32D55ADA6}.Release|Any CPU.Build.0 = Release|Any CPU
	EndGlobalSection
	GlobalSection(SolutionProperties) = preSolution
		HideSolutionNode = FALSE
	EndGlobalSection
	GlobalSection(ExtensibilityGlobals) = postSolution
		SolutionGuid = {5EF6AC6F-A6D6-4573-B0DA-5F27EC98977B}
	EndGlobalSection
EndGlobal
